
Microsoft Visual Studio Solution File, Format Version 12.00
# Visual Studio Version 17
VisualStudioVersion = 17.11.35327.3
MinimumVisualStudioVersion = 10.0.40219.1
Project("{FAE04EC0-301F-11D3-BF4B-00C04F79EFBC}") = "Library", "Library.csproj", "{2B25DC89-7027-4488-A9AE-E419023219F7}"
EndProject
Global
	GlobalSection(SolutionConfigurationPlatforms) = preSolution
		Debug|Any CPU = Debug|Any CPU
		Release|Any CPU = Release|Any CPU
	EndGlobalSection
	GlobalSection(ProjectConfigurationPlatforms) = postSolution
		{2B25DC89-7027-4488-A9AE-E419023219F7}.Debug|Any CPU.ActiveCfg = Debug|Any CPU
		{2B25DC89-7027-4488-A9AE-E419023219F7}.Debug|Any CPU.Build.0 = Debug|Any CPU
		{2B25DC89-7027-4488-A9AE-E419023219F7}.Release|Any CPU.ActiveCfg = Release|Any CPU
		{2B25DC89-7027-4488-A9AE-E419023219F7}.Release|Any CPU.Build.0 = Release|Any CPU
	EndGlobalSection
	GlobalSection(SolutionProperties) = preSolution
		HideSolutionNode = FALSE
	EndGlobalSection
	GlobalSection(ExtensibilityGlobals) = postSolution
		SolutionGuid = {E1F18998-E411-496A-963D-BD0316D7FF7C}
	EndGlobalSection
EndGlobal
